
Microsoft Visual Studio Solution File, Format Version 12.00
# Visual Studio Version 16
VisualStudioVersion = 16.0.29409.12
MinimumVisualStudioVersion = 10.0.40219.1
Project("{8BC9CEB8-8B4A-11D0-8D11-00A0C91BC942}") = "class20210414", "class20210414\class20210414.vcxproj", "{AC6BDAD1-FE4A-4C0B-9713-1EB9EAB7F762}"
EndProject
Global
	GlobalSection(SolutionConfigurationPlatforms) = preSolution
		Debug|x64 = Debug|x64
		Release|x64 = Release|x64
	EndGlobalSection
	GlobalSection(ProjectConfigurationPlatforms) = postSolution
		{AC6BDAD1-FE4A-4C0B-9713-1EB9EAB7F762}.Debug|x64.ActiveCfg = Debug|x64
		{AC6BDAD1-FE4A-4C0B-9713-1EB9EAB7F762}.Debug|x64.Build.0 = Debug|x64
		{AC6BDAD1-FE4A-4C0B-9713-1EB9EAB7F762}.Release|x64.ActiveCfg = Release|x64
		{AC6BDAD1-FE4A-4C0B-9713-1EB9EAB7F762}.Release|x64.Build.0 = Release|x64
	EndGlobalSection
	GlobalSection(SolutionProperties) = preSolution
		HideSolutionNode = FALSE
	EndGlobalSection
	GlobalSection(ExtensibilityGlobals) = postSolution
		SolutionGuid = {A1348B7A-947C-4563-B6D5-35D2354ABFF6}
	EndGlobalSection
EndGlobal
